
Microsoft Visual Studio Solution File, Format Version 12.00
# Visual Studio Version 17
VisualStudioVersion = 17.5.002.0
MinimumVisualStudioVersion = 10.0.40219.1
Project("{9A19103F-16F7-4668-BE54-9A1E7A4F7556}") = "UASDAppApi", "UASDAppApi.csproj", "{9DA08E59-FFF1-4375-BC12-565524C5BCB7}"
EndProject
Global
	GlobalSection(SolutionConfigurationPlatforms) = preSolution
		Debug|Any CPU = Debug|Any CPU
		Release|Any CPU = Release|Any CPU
	EndGlobalSection
	GlobalSection(ProjectConfigurationPlatforms) = postSolution
		{9DA08E59-FFF1-4375-BC12-565524C5BCB7}.Debug|Any CPU.ActiveCfg = Debug|Any CPU
		{9DA08E59-FFF1-4375-BC12-565524C5BCB7}.Debug|Any CPU.Build.0 = Debug|Any CPU
		{9DA08E59-FFF1-4375-BC12-565524C5BCB7}.Release|Any CPU.ActiveCfg = Release|Any CPU
		{9DA08E59-FFF1-4375-BC12-565524C5BCB7}.Release|Any CPU.Build.0 = Release|Any CPU
	EndGlobalSection
	GlobalSection(SolutionProperties) = preSolution
		HideSolutionNode = FALSE
	EndGlobalSection
	GlobalSection(ExtensibilityGlobals) = postSolution
		SolutionGuid = {63D21ECB-DCB1-4133-A35F-800F01977977}
	EndGlobalSection
EndGlobal
